
Microsoft Visual Studio Solution File, Format Version 12.00
# Visual Studio Version 17
VisualStudioVersion = 17.3.32825.248
MinimumVisualStudioVersion = 10.0.40219.1
Project("{9A19103F-16F7-4668-BE54-9A1E7A4F7556}") = "BattleArenaConsole", "BattleArenaConsole\BattleArenaConsole.csproj", "{DF1218D1-6EA4-4645-88AE-25829054D5FA}"
EndProject
Project("{9A19103F-16F7-4668-BE54-9A1E7A4F7556}") = "BattleArenaConsole_v2", "BattleArenaConsole_v2\BattleArenaConsole_v2.csproj", "{CE939727-B229-4575-89F5-ACF315204B78}"
EndProject
Project("{FAE04EC0-301F-11D3-BF4B-00C04F79EFBC}") = "BattleArenaConsole_v3", "BattleArenaConsole_v3\BattleArenaConsole_v3.csproj", "{D7EB8EE7-2956-4E60-97EB-D5A72F198084}"
EndProject
Global
	GlobalSection(SolutionConfigurationPlatforms) = preSolution
		Debug|Any CPU = Debug|Any CPU
		Release|Any CPU = Release|Any CPU
	EndGlobalSection
	GlobalSection(ProjectConfigurationPlatforms) = postSolution
		{DF1218D1-6EA4-4645-88AE-25829054D5FA}.Debug|Any CPU.ActiveCfg = Debug|Any CPU
		{DF1218D1-6EA4-4645-88AE-25829054D5FA}.Debug|Any CPU.Build.0 = Debug|Any CPU
		{DF1218D1-6EA4-4645-88AE-25829054D5FA}.Release|Any CPU.ActiveCfg = Release|Any CPU
		{DF1218D1-6EA4-4645-88AE-25829054D5FA}.Release|Any CPU.Build.0 = Release|Any CPU
		{CE939727-B229-4575-89F5-ACF315204B78}.Debug|Any CPU.ActiveCfg = Debug|Any CPU
		{CE939727-B229-4575-89F5-ACF315204B78}.Debug|Any CPU.Build.0 = Debug|Any CPU
		{CE939727-B229-4575-89F5-ACF315204B78}.Release|Any CPU.ActiveCfg = Release|Any CPU
		{CE939727-B229-4575-89F5-ACF315204B78}.Release|Any CPU.Build.0 = Release|Any CPU
		{D7EB8EE7-2956-4E60-97EB-D5A72F198084}.Debug|Any CPU.ActiveCfg = Debug|Any CPU
		{D7EB8EE7-2956-4E60-97EB-D5A72F198084}.Debug|Any CPU.Build.0 = Debug|Any CPU
		{D7EB8EE7-2956-4E60-97EB-D5A72F198084}.Release|Any CPU.ActiveCfg = Release|Any CPU
		{D7EB8EE7-2956-4E60-97EB-D5A72F198084}.Release|Any CPU.Build.0 = Release|Any CPU
	EndGlobalSection
	GlobalSection(SolutionProperties) = preSolution
		HideSolutionNode = FALSE
	EndGlobalSection
	GlobalSection(ExtensibilityGlobals) = postSolution
		SolutionGuid = {F6E3AA37-5E5E-4736-BE0F-4CFD8FE17C5C}
	EndGlobalSection
EndGlobal
